
Microsoft Visual Studio Solution File, Format Version 12.00
# Visual Studio Version 16
VisualStudioVersion = 16.0.30114.105
MinimumVisualStudioVersion = 10.0.40219.1
Project("{FAE04EC0-301F-11D3-BF4B-00C04F79EFBC}") = "Model", "Model\Model.csproj", "{9F156E95-0AF5-4B69-AEB1-9EA96CB74244}"
EndProject
Project("{FAE04EC0-301F-11D3-BF4B-00C04F79EFBC}") = "DTO", "DTO\DTO.csproj", "{A22260A7-D057-4F09-94A8-F649AE38DCE2}"
EndProject
Project("{FAE04EC0-301F-11D3-BF4B-00C04F79EFBC}") = "Console", "Console\Console.csproj", "{689A9C30-71C5-40B2-9518-FC86D2A70D1B}"
EndProject
Project("{FAE04EC0-301F-11D3-BF4B-00C04F79EFBC}") = "Controller", "Controller\Controller.csproj", "{4D771A93-7EA6-4887-B547-3467C0487E7A}"
EndProject
Global
	GlobalSection(SolutionConfigurationPlatforms) = preSolution
		Debug|Any CPU = Debug|Any CPU
		Release|Any CPU = Release|Any CPU
	EndGlobalSection
	GlobalSection(SolutionProperties) = preSolution
		HideSolutionNode = FALSE
	EndGlobalSection
	GlobalSection(ProjectConfigurationPlatforms) = postSolution
		{9F156E95-0AF5-4B69-AEB1-9EA96CB74244}.Debug|Any CPU.ActiveCfg = Debug|Any CPU
		{9F156E95-0AF5-4B69-AEB1-9EA96CB74244}.Debug|Any CPU.Build.0 = Debug|Any CPU
		{9F156E95-0AF5-4B69-AEB1-9EA96CB74244}.Release|Any CPU.ActiveCfg = Release|Any CPU
		{9F156E95-0AF5-4B69-AEB1-9EA96CB74244}.Release|Any CPU.Build.0 = Release|Any CPU
		{A22260A7-D057-4F09-94A8-F649AE38DCE2}.Debug|Any CPU.ActiveCfg = Debug|Any CPU
		{A22260A7-D057-4F09-94A8-F649AE38DCE2}.Debug|Any CPU.Build.0 = Debug|Any CPU
		{A22260A7-D057-4F09-94A8-F649AE38DCE2}.Release|Any CPU.ActiveCfg = Release|Any CPU
		{A22260A7-D057-4F09-94A8-F649AE38DCE2}.Release|Any CPU.Build.0 = Release|Any CPU
		{689A9C30-71C5-40B2-9518-FC86D2A70D1B}.Debug|Any CPU.ActiveCfg = Debug|Any CPU
		{689A9C30-71C5-40B2-9518-FC86D2A70D1B}.Debug|Any CPU.Build.0 = Debug|Any CPU
		{689A9C30-71C5-40B2-9518-FC86D2A70D1B}.Release|Any CPU.ActiveCfg = Release|Any CPU
		{689A9C30-71C5-40B2-9518-FC86D2A70D1B}.Release|Any CPU.Build.0 = Release|Any CPU
		{4D771A93-7EA6-4887-B547-3467C0487E7A}.Debug|Any CPU.ActiveCfg = Debug|Any CPU
		{4D771A93-7EA6-4887-B547-3467C0487E7A}.Debug|Any CPU.Build.0 = Debug|Any CPU
		{4D771A93-7EA6-4887-B547-3467C0487E7A}.Release|Any CPU.ActiveCfg = Release|Any CPU
		{4D771A93-7EA6-4887-B547-3467C0487E7A}.Release|Any CPU.Build.0 = Release|Any CPU
	EndGlobalSection
EndGlobal
